// !$*UTF8*$!
{
	archiveVersion = 1;
	classes = {
	};
	objectVersion = 48;
	objects = {

/* Begin PBXBuildFile section */
		F91EFEED19E1539500112153 /* SiteViewController.swift in Sources */ = {isa = PBXBuildFile; fileRef = F91EFEEC19E1539500112153 /* SiteViewController.swift */; };
		F93486AF1A7DB77C00C8C2B1 /* J1ManagedObjectProxy.swift in Sources */ = {isa = PBXBuildFile; fileRef = F93486AE1A7DB77C00C8C2B1 /* J1ManagedObjectProxy.swift */; };
		F957E8F319C6FBAB00A4BA46 /* AppDelegate.swift in Sources */ = {isa = PBXBuildFile; fileRef = F957E8F219C6FBAB00A4BA46 /* AppDelegate.swift */; };
		F957E8F819C6FBAB00A4BA46 /* MasterViewController.swift in Sources */ = {isa = PBXBuildFile; fileRef = F957E8F719C6FBAB00A4BA46 /* MasterViewController.swift */; };
		F957E8FA19C6FBAB00A4BA46 /* DetailViewController.swift in Sources */ = {isa = PBXBuildFile; fileRef = F957E8F919C6FBAB00A4BA46 /* DetailViewController.swift */; };
		F957E8FD19C6FBAB00A4BA46 /* Main.storyboard in Resources */ = {isa = PBXBuildFile; fileRef = F957E8FB19C6FBAB00A4BA46 /* Main.storyboard */; };
		F957E8FF19C6FBAB00A4BA46 /* Images.xcassets in Resources */ = {isa = PBXBuildFile; fileRef = F957E8FE19C6FBAB00A4BA46 /* Images.xcassets */; };
		F957E90219C6FBAB00A4BA46 /* LaunchScreen.xib in Resources */ = {isa = PBXBuildFile; fileRef = F957E90019C6FBAB00A4BA46 /* LaunchScreen.xib */; };
		F957E90E19C6FBAB00A4BA46 /* SwiftRandomDataTests.swift in Sources */ = {isa = PBXBuildFile; fileRef = F957E90D19C6FBAB00A4BA46 /* SwiftRandomDataTests.swift */; };
		F957E91819C6FC1600A4BA46 /* Bytes.swift in Sources */ = {isa = PBXBuildFile; fileRef = F957E91719C6FC1600A4BA46 /* Bytes.swift */; };
		F957E91A19C6FD0B00A4BA46 /* J1RandomData.swift in Sources */ = {isa = PBXBuildFile; fileRef = F957E91919C6FD0B00A4BA46 /* J1RandomData.swift */; };
		F957E92319C702AD00A4BA46 /* J1CoreDataManager.swift in Sources */ = {isa = PBXBuildFile; fileRef = F957E92219C702AD00A4BA46 /* J1CoreDataManager.swift */; };
		F957E92519C7197C00A4BA46 /* J1SiteManager.swift in Sources */ = {isa = PBXBuildFile; fileRef = F957E92419C7197C00A4BA46 /* J1SiteManager.swift */; };
		F95AA3891A41D29100C08417 /* Password.swift in Sources */ = {isa = PBXBuildFile; fileRef = F95AA3881A41D29100C08417 /* Password.swift */; };
		F95AA38A1A41D29100C08417 /* Password.swift in Sources */ = {isa = PBXBuildFile; fileRef = F95AA3881A41D29100C08417 /* Password.swift */; };
		F95AA38C1A41D29200C08417 /* Site.swift in Sources */ = {isa = PBXBuildFile; fileRef = F95AA38B1A41D29200C08417 /* Site.swift */; };
		F95AA38D1A41D29200C08417 /* Site.swift in Sources */ = {isa = PBXBuildFile; fileRef = F95AA38B1A41D29200C08417 /* Site.swift */; };
		F98228C11BB2AA3F009E1205 /* SwiftRandomData-Bridging-Header.h in Sources */ = {isa = PBXBuildFile; fileRef = F98228C01BB2851B009E1205 /* SwiftRandomData-Bridging-Header.h */; };
		F98FC4D61A17D4DB0038E131 /* SwiftRandomData.xcdatamodeld in Sources */ = {isa = PBXBuildFile; fileRef = F957E8F419C6FBAB00A4BA46 /* SwiftRandomData.xcdatamodeld */; };
		F98FDBE71BB042800057086F /* J1CipherMan.swift in Sources */ = {isa = PBXBuildFile; fileRef = F98FDBE61BB042800057086F /* J1CipherMan.swift */; };
		F99DD0B41A2366440046B1C0 /* PassManager.swift in Sources */ = {isa = PBXBuildFile; fileRef = F99DD0B31A2366440046B1C0 /* PassManager.swift */; };
		F99DD0BB1A237B000046B1C0 /* PassViewController.swift in Sources */ = {isa = PBXBuildFile; fileRef = F99DD0BA1A237B000046B1C0 /* PassViewController.swift */; };
		F9F50B751A56E4F000322BE2 /* Algorithm.swift in Sources */ = {isa = PBXBuildFile; fileRef = F9F50B741A56E4F000322BE2 /* Algorithm.swift */; };
		F9F50B761A56E4F000322BE2 /* Algorithm.swift in Sources */ = {isa = PBXBuildFile; fileRef = F9F50B741A56E4F000322BE2 /* Algorithm.swift */; };
/* End PBXBuildFile section */

/* Begin PBXContainerItemProxy section */
		F957E90819C6FBAB00A4BA46 /* PBXContainerItemProxy */ = {
			isa = PBXContainerItemProxy;
			containerPortal = F957E8E519C6FBAB00A4BA46 /* Project object */;
			proxyType = 1;
			remoteGlobalIDString = F957E8EC19C6FBAB00A4BA46;
			remoteInfo = SwiftRandomData;
		};
/* End PBXContainerItemProxy section */

/* Begin PBXFileReference section */
		F91EFEEC19E1539500112153 /* SiteViewController.swift */ = {isa = PBXFileReference; fileEncoding = 4; lastKnownFileType = sourcecode.swift; path = SiteViewController.swift; sourceTree = "<group>"; };
		F93486AE1A7DB77C00C8C2B1 /* J1ManagedObjectProxy.swift */ = {isa = PBXFileReference; fileEncoding = 4; lastKnownFileType = sourcecode.swift; path = J1ManagedObjectProxy.swift; sourceTree = "<group>"; };
		F9490E151A2B5834001C860C /* SwiftRandomData 4.xcdatamodel */ = {isa = PBXFileReference; lastKnownFileType = wrapper.xcdatamodel; path = "SwiftRandomData 4.xcdatamodel"; sourceTree = "<group>"; };
		F957E8ED19C6FBAB00A4BA46 /* SwiftRandomData.app */ = {isa = PBXFileReference; explicitFileType = wrapper.application; includeInIndex = 0; path = SwiftRandomData.app; sourceTree = BUILT_PRODUCTS_DIR; };
		F957E8F119C6FBAB00A4BA46 /* Info.plist */ = {isa = PBXFileReference; lastKnownFileType = text.plist.xml; path = Info.plist; sourceTree = "<group>"; };
		F957E8F219C6FBAB00A4BA46 /* AppDelegate.swift */ = {isa = PBXFileReference; lastKnownFileType = sourcecode.swift; path = AppDelegate.swift; sourceTree = "<group>"; };
		F957E8F519C6FBAB00A4BA46 /* SwiftRandomData.xcdatamodel */ = {isa = PBXFileReference; lastKnownFileType = wrapper.xcdatamodel; path = SwiftRandomData.xcdatamodel; sourceTree = "<group>"; };
		F957E8F719C6FBAB00A4BA46 /* MasterViewController.swift */ = {isa = PBXFileReference; lastKnownFileType = sourcecode.swift; path = MasterViewController.swift; sourceTree = "<group>"; };
		F957E8F919C6FBAB00A4BA46 /* DetailViewController.swift */ = {isa = PBXFileReference; lastKnownFileType = sourcecode.swift; path = DetailViewController.swift; sourceTree = "<group>"; };
		F957E8FC19C6FBAB00A4BA46 /* Base */ = {isa = PBXFileReference; lastKnownFileType = file.storyboard; name = Base; path = Base.lproj/Main.storyboard; sourceTree = "<group>"; };
		F957E8FE19C6FBAB00A4BA46 /* Images.xcassets */ = {isa = PBXFileReference; lastKnownFileType = folder.assetcatalog; path = Images.xcassets; sourceTree = "<group>"; };
		F957E90119C6FBAB00A4BA46 /* Base */ = {isa = PBXFileReference; lastKnownFileType = file.xib; name = Base; path = Base.lproj/LaunchScreen.xib; sourceTree = "<group>"; };
		F957E90719C6FBAB00A4BA46 /* SwiftRandomDataTests.xctest */ = {isa = PBXFileReference; explicitFileType = wrapper.cfbundle; includeInIndex = 0; path = SwiftRandomDataTests.xctest; sourceTree = BUILT_PRODUCTS_DIR; };
		F957E90C19C6FBAB00A4BA46 /* Info.plist */ = {isa = PBXFileReference; lastKnownFileType = text.plist.xml; path = Info.plist; sourceTree = "<group>"; };
		F957E90D19C6FBAB00A4BA46 /* SwiftRandomDataTests.swift */ = {isa = PBXFileReference; lastKnownFileType = sourcecode.swift; path = SwiftRandomDataTests.swift; sourceTree = "<group>"; };
		F957E91719C6FC1600A4BA46 /* Bytes.swift */ = {isa = PBXFileReference; fileEncoding = 4; lastKnownFileType = sourcecode.swift; path = Bytes.swift; sourceTree = "<group>"; };
		F957E91919C6FD0B00A4BA46 /* J1RandomData.swift */ = {isa = PBXFileReference; fileEncoding = 4; lastKnownFileType = sourcecode.swift; path = J1RandomData.swift; sourceTree = "<group>"; };
		F957E92219C702AD00A4BA46 /* J1CoreDataManager.swift */ = {isa = PBXFileReference; fileEncoding = 4; lastKnownFileType = sourcecode.swift; path = J1CoreDataManager.swift; sourceTree = "<group>"; };
		F957E92419C7197C00A4BA46 /* J1SiteManager.swift */ = {isa = PBXFileReference; fileEncoding = 4; lastKnownFileType = sourcecode.swift; path = J1SiteManager.swift; sourceTree = "<group>"; };
		F95AA3871A41D03F00C08417 /* SwiftRandomData 6.xcdatamodel */ = {isa = PBXFileReference; lastKnownFileType = wrapper.xcdatamodel; path = "SwiftRandomData 6.xcdatamodel"; sourceTree = "<group>"; };
		F95AA3881A41D29100C08417 /* Password.swift */ = {isa = PBXFileReference; fileEncoding = 4; lastKnownFileType = sourcecode.swift; name = Password.swift; path = ../Password.swift; sourceTree = "<group>"; };
		F95AA38B1A41D29200C08417 /* Site.swift */ = {isa = PBXFileReference; fileEncoding = 4; lastKnownFileType = sourcecode.swift; name = Site.swift; path = ../Site.swift; sourceTree = "<group>"; };
		F98228C01BB2851B009E1205 /* SwiftRandomData-Bridging-Header.h */ = {isa = PBXFileReference; lastKnownFileType = sourcecode.c.h; path = "SwiftRandomData-Bridging-Header.h"; sourceTree = "<group>"; };
		F98FDBE61BB042800057086F /* J1CipherMan.swift */ = {isa = PBXFileReference; fileEncoding = 4; lastKnownFileType = sourcecode.swift; path = J1CipherMan.swift; sourceTree = "<group>"; };
		F99DD0B31A2366440046B1C0 /* PassManager.swift */ = {isa = PBXFileReference; fileEncoding = 4; lastKnownFileType = sourcecode.swift; path = PassManager.swift; sourceTree = "<group>"; };
		F99DD0B51A2367D30046B1C0 /* SwiftRandomData 3.xcdatamodel */ = {isa = PBXFileReference; lastKnownFileType = wrapper.xcdatamodel; path = "SwiftRandomData 3.xcdatamodel"; sourceTree = "<group>"; };
		F99DD0BA1A237B000046B1C0 /* PassViewController.swift */ = {isa = PBXFileReference; fileEncoding = 4; lastKnownFileType = sourcecode.swift; path = PassViewController.swift; sourceTree = "<group>"; };
		F9C45D0A1A34420400B62130 /* SwiftRandomData 5.xcdatamodel */ = {isa = PBXFileReference; lastKnownFileType = wrapper.xcdatamodel; path = "SwiftRandomData 5.xcdatamodel"; sourceTree = "<group>"; };
		F9EF29A719DDB704001D9509 /* MyPlayground.playground */ = {isa = PBXFileReference; lastKnownFileType = file.playground; path = MyPlayground.playground; sourceTree = "<group>"; };
		F9EF76BC1A18A94700912789 /* SwiftRandomData 2.xcdatamodel */ = {isa = PBXFileReference; lastKnownFileType = wrapper.xcdatamodel; path = "SwiftRandomData 2.xcdatamodel"; sourceTree = "<group>"; };
		F9F50B741A56E4F000322BE2 /* Algorithm.swift */ = {isa = PBXFileReference; fileEncoding = 4; lastKnownFileType = sourcecode.swift; path = Algorithm.swift; sourceTree = "<group>"; };
/* End PBXFileReference section */

/* Begin PBXFrameworksBuildPhase section */
		F957E8EA19C6FBAB00A4BA46 /* Frameworks */ = {
			isa = PBXFrameworksBuildPhase;
			buildActionMask = 2147483647;
			files = (
			);
			runOnlyForDeploymentPostprocessing = 0;
		};
		F957E90419C6FBAB00A4BA46 /* Frameworks */ = {
			isa = PBXFrameworksBuildPhase;
			buildActionMask = 2147483647;
			files = (
			);
			runOnlyForDeploymentPostprocessing = 0;
		};
/* End PBXFrameworksBuildPhase section */

/* Begin PBXGroup section */
		F957E8E419C6FBAB00A4BA46 = {
			isa = PBXGroup;
			children = (
				F98228C01BB2851B009E1205 /* SwiftRandomData-Bridging-Header.h */,
				F98FDBE61BB042800057086F /* J1CipherMan.swift */,
				F957E8EF19C6FBAB00A4BA46 /* SwiftRandomData */,
				F957E90A19C6FBAB00A4BA46 /* SwiftRandomDataTests */,
				F957E8EE19C6FBAB00A4BA46 /* Products */,
			);
			sourceTree = "<group>";
		};
		F957E8EE19C6FBAB00A4BA46 /* Products */ = {
			isa = PBXGroup;
			children = (
				F957E8ED19C6FBAB00A4BA46 /* SwiftRandomData.app */,
				F957E90719C6FBAB00A4BA46 /* SwiftRandomDataTests.xctest */,
			);
			name = Products;
			sourceTree = "<group>";
		};
		F957E8EF19C6FBAB00A4BA46 /* SwiftRandomData */ = {
			isa = PBXGroup;
			children = (
				F93486AE1A7DB77C00C8C2B1 /* J1ManagedObjectProxy.swift */,
				F9F50B741A56E4F000322BE2 /* Algorithm.swift */,
				F95AA38B1A41D29200C08417 /* Site.swift */,
				F95AA3881A41D29100C08417 /* Password.swift */,
				F957E8F919C6FBAB00A4BA46 /* DetailViewController.swift */,
				F957E8F219C6FBAB00A4BA46 /* AppDelegate.swift */,
				F957E91719C6FC1600A4BA46 /* Bytes.swift */,
				F91EFEEC19E1539500112153 /* SiteViewController.swift */,
				F957E92219C702AD00A4BA46 /* J1CoreDataManager.swift */,
				F957E91919C6FD0B00A4BA46 /* J1RandomData.swift */,
				F957E92419C7197C00A4BA46 /* J1SiteManager.swift */,
				F957E8F719C6FBAB00A4BA46 /* MasterViewController.swift */,
				F99DD0B31A2366440046B1C0 /* PassManager.swift */,
				F99DD0BA1A237B000046B1C0 /* PassViewController.swift */,
				F957E8FE19C6FBAB00A4BA46 /* Images.xcassets */,
				F957E90019C6FBAB00A4BA46 /* LaunchScreen.xib */,
				F957E8FB19C6FBAB00A4BA46 /* Main.storyboard */,
				F957E8F019C6FBAB00A4BA46 /* Supporting Files */,
				F957E8F419C6FBAB00A4BA46 /* SwiftRandomData.xcdatamodeld */,
				F9EF29A719DDB704001D9509 /* MyPlayground.playground */,
			);
			path = SwiftRandomData;
			sourceTree = "<group>";
		};
		F957E8F019C6FBAB00A4BA46 /* Supporting Files */ = {
			isa = PBXGroup;
			children = (
				F957E8F119C6FBAB00A4BA46 /* Info.plist */,
			);
			name = "Supporting Files";
			sourceTree = "<group>";
		};
		F957E90A19C6FBAB00A4BA46 /* SwiftRandomDataTests */ = {
			isa = PBXGroup;
			children = (
				F957E90D19C6FBAB00A4BA46 /* SwiftRandomDataTests.swift */,
				F957E90B19C6FBAB00A4BA46 /* Supporting Files */,
			);
			path = SwiftRandomDataTests;
			sourceTree = "<group>";
		};
		F957E90B19C6FBAB00A4BA46 /* Supporting Files */ = {
			isa = PBXGroup;
			children = (
				F957E90C19C6FBAB00A4BA46 /* Info.plist */,
			);
			name = "Supporting Files";
			sourceTree = "<group>";
		};
/* End PBXGroup section */

/* Begin PBXNativeTarget section */
		F957E8EC19C6FBAB00A4BA46 /* SwiftRandomData */ = {
			isa = PBXNativeTarget;
			buildConfigurationList = F957E91119C6FBAB00A4BA46 /* Build configuration list for PBXNativeTarget "SwiftRandomData" */;
			buildPhases = (
				F957E8E919C6FBAB00A4BA46 /* Sources */,
				F957E8EA19C6FBAB00A4BA46 /* Frameworks */,
				F957E8EB19C6FBAB00A4BA46 /* Resources */,
			);
			buildRules = (
			);
			dependencies = (
			);
			name = SwiftRandomData;
			productName = SwiftRandomData;
			productReference = F957E8ED19C6FBAB00A4BA46 /* SwiftRandomData.app */;
			productType = "com.apple.product-type.application";
		};
		F957E90619C6FBAB00A4BA46 /* SwiftRandomDataTests */ = {
			isa = PBXNativeTarget;
			buildConfigurationList = F957E91419C6FBAB00A4BA46 /* Build configuration list for PBXNativeTarget "SwiftRandomDataTests" */;
			buildPhases = (
				F957E90319C6FBAB00A4BA46 /* Sources */,
				F957E90419C6FBAB00A4BA46 /* Frameworks */,
				F957E90519C6FBAB00A4BA46 /* Resources */,
			);
			buildRules = (
			);
			dependencies = (
				F957E90919C6FBAB00A4BA46 /* PBXTargetDependency */,
			);
			name = SwiftRandomDataTests;
			productName = SwiftRandomDataTests;
			productReference = F957E90719C6FBAB00A4BA46 /* SwiftRandomDataTests.xctest */;
			productType = "com.apple.product-type.bundle.unit-test";
		};
/* End PBXNativeTarget section */

/* Begin PBXProject section */
		F957E8E519C6FBAB00A4BA46 /* Project object */ = {
			isa = PBXProject;
			attributes = {
				LastSwiftUpdateCheck = 0700;
				LastUpgradeCheck = 0900;
				ORGANIZATIONNAME = "OKU Junichirou";
				TargetAttributes = {
					F957E8EC19C6FBAB00A4BA46 = {
						CreatedOnToolsVersion = 6.0;
						DevelopmentTeam = XLW76U7H2R;
					};
					F957E90619C6FBAB00A4BA46 = {
						CreatedOnToolsVersion = 6.0;
						TestTargetID = F957E8EC19C6FBAB00A4BA46;
					};
				};
			};
			buildConfigurationList = F957E8E819C6FBAB00A4BA46 /* Build configuration list for PBXProject "SwiftRandomData" */;
			compatibilityVersion = "Xcode 8.0";
			developmentRegion = English;
			hasScannedForEncodings = 0;
			knownRegions = (
				en,
				Base,
			);
			mainGroup = F957E8E419C6FBAB00A4BA46;
			productRefGroup = F957E8EE19C6FBAB00A4BA46 /* Products */;
			projectDirPath = "";
			projectRoot = "";
			targets = (
				F957E8EC19C6FBAB00A4BA46 /* SwiftRandomData */,
				F957E90619C6FBAB00A4BA46 /* SwiftRandomDataTests */,
			);
		};
/* End PBXProject section */

/* Begin PBXResourcesBuildPhase section */
		F957E8EB19C6FBAB00A4BA46 /* Resources */ = {
			isa = PBXResourcesBuildPhase;
			buildActionMask = 2147483647;
			files = (
				F957E8FD19C6FBAB00A4BA46 /* Main.storyboard in Resources */,
				F957E90219C6FBAB00A4BA46 /* LaunchScreen.xib in Resources */,
				F957E8FF19C6FBAB00A4BA46 /* Images.xcassets in Resources */,
			);
			runOnlyForDeploymentPostprocessing = 0;
		};
		F957E90519C6FBAB00A4BA46 /* Resources */ = {
			isa = PBXResourcesBuildPhase;
			buildActionMask = 2147483647;
			files = (
			);
			runOnlyForDeploymentPostprocessing = 0;
		};
/* End PBXResourcesBuildPhase section */

/* Begin PBXSourcesBuildPhase section */
		F957E8E919C6FBAB00A4BA46 /* Sources */ = {
			isa = PBXSourcesBuildPhase;
			buildActionMask = 2147483647;
			files = (
				F98228C11BB2AA3F009E1205 /* SwiftRandomData-Bridging-Header.h in Sources */,
				F95AA3891A41D29100C08417 /* Password.swift in Sources */,
				F957E8F319C6FBAB00A4BA46 /* AppDelegate.swift in Sources */,
				F957E91819C6FC1600A4BA46 /* Bytes.swift in Sources */,
				F99DD0B41A2366440046B1C0 /* PassManager.swift in Sources */,
				F957E8F819C6FBAB00A4BA46 /* MasterViewController.swift in Sources */,
				F957E92519C7197C00A4BA46 /* J1SiteManager.swift in Sources */,
				F95AA38C1A41D29200C08417 /* Site.swift in Sources */,
				F93486AF1A7DB77C00C8C2B1 /* J1ManagedObjectProxy.swift in Sources */,
				F9F50B751A56E4F000322BE2 /* Algorithm.swift in Sources */,
				F957E8FA19C6FBAB00A4BA46 /* DetailViewController.swift in Sources */,
				F957E91A19C6FD0B00A4BA46 /* J1RandomData.swift in Sources */,
				F98FC4D61A17D4DB0038E131 /* SwiftRandomData.xcdatamodeld in Sources */,
				F957E92319C702AD00A4BA46 /* J1CoreDataManager.swift in Sources */,
				F91EFEED19E1539500112153 /* SiteViewController.swift in Sources */,
				F98FDBE71BB042800057086F /* J1CipherMan.swift in Sources */,
				F99DD0BB1A237B000046B1C0 /* PassViewController.swift in Sources */,
			);
			runOnlyForDeploymentPostprocessing = 0;
		};
		F957E90319C6FBAB00A4BA46 /* Sources */ = {
			isa = PBXSourcesBuildPhase;
			buildActionMask = 2147483647;
			files = (
				F95AA38A1A41D29100C08417 /* Password.swift in Sources */,
				F9F50B761A56E4F000322BE2 /* Algorithm.swift in Sources */,
				F95AA38D1A41D29200C08417 /* Site.swift in Sources */,
				F957E90E19C6FBAB00A4BA46 /* SwiftRandomDataTests.swift in Sources */,
			);
			runOnlyForDeploymentPostprocessing = 0;
		};
/* End PBXSourcesBuildPhase section */

/* Begin PBXTargetDependency section */
		F957E90919C6FBAB00A4BA46 /* PBXTargetDependency */ = {
			isa = PBXTargetDependency;
			target = F957E8EC19C6FBAB00A4BA46 /* SwiftRandomData */;
			targetProxy = F957E90819C6FBAB00A4BA46 /* PBXContainerItemProxy */;
		};
/* End PBXTargetDependency section */

/* Begin PBXVariantGroup section */
		F957E8FB19C6FBAB00A4BA46 /* Main.storyboard */ = {
			isa = PBXVariantGroup;
			children = (
				F957E8FC19C6FBAB00A4BA46 /* Base */,
			);
			name = Main.storyboard;
			sourceTree = "<group>";
		};
		F957E90019C6FBAB00A4BA46 /* LaunchScreen.xib */ = {
			isa = PBXVariantGroup;
			children = (
				F957E90119C6FBAB00A4BA46 /* Base */,
			);
			name = LaunchScreen.xib;
			sourceTree = "<group>";
		};
/* End PBXVariantGroup section */

/* Begin XCBuildConfiguration section */
		F957E90F19C6FBAB00A4BA46 /* Debug */ = {
			isa = XCBuildConfiguration;
			buildSettings = {
				ALWAYS_SEARCH_USER_PATHS = NO;
				CLANG_CXX_LANGUAGE_STANDARD = "gnu++0x";
				CLANG_CXX_LIBRARY = "libc++";
				CLANG_ENABLE_MODULES = YES;
				CLANG_ENABLE_OBJC_ARC = YES;
				CLANG_WARN_BLOCK_CAPTURE_AUTORELEASING = YES;
				CLANG_WARN_BOOL_CONVERSION = YES;
				CLANG_WARN_COMMA = YES;
				CLANG_WARN_CONSTANT_CONVERSION = YES;
				CLANG_WARN_DIRECT_OBJC_ISA_USAGE = YES_ERROR;
				CLANG_WARN_EMPTY_BODY = YES;
				CLANG_WARN_ENUM_CONVERSION = YES;
				CLANG_WARN_INFINITE_RECURSION = YES;
				CLANG_WARN_INT_CONVERSION = YES;
				CLANG_WARN_NON_LITERAL_NULL_CONVERSION = YES;
				CLANG_WARN_OBJC_LITERAL_CONVERSION = YES;
				CLANG_WARN_OBJC_ROOT_CLASS = YES_ERROR;
				CLANG_WARN_RANGE_LOOP_ANALYSIS = YES;
				CLANG_WARN_STRICT_PROTOTYPES = YES;
				CLANG_WARN_SUSPICIOUS_MOVE = YES;
				CLANG_WARN_UNREACHABLE_CODE = YES;
				CLANG_WARN__DUPLICATE_METHOD_MATCH = YES;
				"CODE_SIGN_IDENTITY[sdk=iphoneos*]" = "iPhone Developer";
				COPY_PHASE_STRIP = NO;
				ENABLE_STRICT_OBJC_MSGSEND = YES;
				ENABLE_TESTABILITY = YES;
				GCC_C_LANGUAGE_STANDARD = gnu99;
				GCC_DYNAMIC_NO_PIC = NO;
				GCC_NO_COMMON_BLOCKS = YES;
				GCC_OPTIMIZATION_LEVEL = 0;
				GCC_PREPROCESSOR_DEFINITIONS = (
					"DEBUG=1",
					"$(inherited)",
				);
				GCC_SYMBOLS_PRIVATE_EXTERN = NO;
				GCC_WARN_64_TO_32_BIT_CONVERSION = YES;
				GCC_WARN_ABOUT_RETURN_TYPE = YES_ERROR;
				GCC_WARN_UNDECLARED_SELECTOR = YES;
				GCC_WARN_UNINITIALIZED_AUTOS = YES_AGGRESSIVE;
				GCC_WARN_UNUSED_FUNCTION = YES;
				GCC_WARN_UNUSED_VARIABLE = YES;
				IPHONEOS_DEPLOYMENT_TARGET = 10.3;
				MTL_ENABLE_DEBUG_INFO = YES;
				ONLY_ACTIVE_ARCH = YES;
				SDKROOT = iphoneos;
				SWIFT_OPTIMIZATION_LEVEL = "-Onone";
				SWIFT_VERSION = 4.0;
			};
			name = Debug;
		};
		F957E91019C6FBAB00A4BA46 /* Release */ = {
			isa = XCBuildConfiguration;
			buildSettings = {
				ALWAYS_SEARCH_USER_PATHS = NO;
				CLANG_CXX_LANGUAGE_STANDARD = "gnu++0x";
				CLANG_CXX_LIBRARY = "libc++";
				CLANG_ENABLE_MODULES = YES;
				CLANG_ENABLE_OBJC_ARC = YES;
				CLANG_WARN_BLOCK_CAPTURE_AUTORELEASING = YES;
				CLANG_WARN_BOOL_CONVERSION = YES;
				CLANG_WARN_COMMA = YES;
				CLANG_WARN_CONSTANT_CONVERSION = YES;
				CLANG_WARN_DIRECT_OBJC_ISA_USAGE = YES_ERROR;
				CLANG_WARN_EMPTY_BODY = YES;
				CLANG_WARN_ENUM_CONVERSION = YES;
				CLANG_WARN_INFINITE_RECURSION = YES;
				CLANG_WARN_INT_CONVERSION = YES;
				CLANG_WARN_NON_LITERAL_NULL_CONVERSION = YES;
				CLANG_WARN_OBJC_LITERAL_CONVERSION = YES;
				CLANG_WARN_OBJC_ROOT_CLASS = YES_ERROR;
				CLANG_WARN_RANGE_LOOP_ANALYSIS = YES;
				CLANG_WARN_STRICT_PROTOTYPES = YES;
				CLANG_WARN_SUSPICIOUS_MOVE = YES;
				CLANG_WARN_UNREACHABLE_CODE = YES;
				CLANG_WARN__DUPLICATE_METHOD_MATCH = YES;
				"CODE_SIGN_IDENTITY[sdk=iphoneos*]" = "iPhone Developer";
				COPY_PHASE_STRIP = YES;
				ENABLE_NS_ASSERTIONS = NO;
				ENABLE_STRICT_OBJC_MSGSEND = YES;
				GCC_C_LANGUAGE_STANDARD = gnu99;
				GCC_NO_COMMON_BLOCKS = YES;
				GCC_WARN_64_TO_32_BIT_CONVERSION = YES;
				GCC_WARN_ABOUT_RETURN_TYPE = YES_ERROR;
				GCC_WARN_UNDECLARED_SELECTOR = YES;
				GCC_WARN_UNINITIALIZED_AUTOS = YES_AGGRESSIVE;
				GCC_WARN_UNUSED_FUNCTION = YES;
				GCC_WARN_UNUSED_VARIABLE = YES;
				IPHONEOS_DEPLOYMENT_TARGET = 10.3;
				MTL_ENABLE_DEBUG_INFO = NO;
				SDKROOT = iphoneos;
				SWIFT_OPTIMIZATION_LEVEL = "-Owholemodule";
				SWIFT_VERSION = 4.0;
				VALIDATE_PRODUCT = YES;
			};
			name = Release;
		};
		F957E91219C6FBAB00A4BA46 /* Debug */ = {
			isa = XCBuildConfiguration;
			buildSettings = {
				ASSETCATALOG_COMPILER_APPICON_NAME = AppIcon;
				CODE_SIGN_IDENTITY = "iPhone Developer";
				"CODE_SIGN_IDENTITY[sdk=iphoneos*]" = "iPhone Developer";
				INFOPLIST_FILE = SwiftRandomData/Info.plist;
				IPHONEOS_DEPLOYMENT_TARGET = 10.3;
				LD_RUNPATH_SEARCH_PATHS = "$(inherited) @executable_path/Frameworks";
				PRODUCT_BUNDLE_IDENTIFIER = "com.me.Jun1ro1.$(PRODUCT_NAME:rfc1034identifier)";
				PRODUCT_NAME = "$(TARGET_NAME)";
				PROVISIONING_PROFILE = "";
				SWIFT_OBJC_BRIDGING_HEADER = "SwiftRandomData-Bridging-Header.h";
			};
			name = Debug;
		};
		F957E91319C6FBAB00A4BA46 /* Release */ = {
			isa = XCBuildConfiguration;
			buildSettings = {
				ASSETCATALOG_COMPILER_APPICON_NAME = AppIcon;
				CODE_SIGN_IDENTITY = "iPhone Developer";
				"CODE_SIGN_IDENTITY[sdk=iphoneos*]" = "iPhone Developer";
				INFOPLIST_FILE = SwiftRandomData/Info.plist;
				IPHONEOS_DEPLOYMENT_TARGET = 10.3;
				LD_RUNPATH_SEARCH_PATHS = "$(inherited) @executable_path/Frameworks";
				PRODUCT_BUNDLE_IDENTIFIER = "com.me.Jun1ro1.$(PRODUCT_NAME:rfc1034identifier)";
				PRODUCT_NAME = "$(TARGET_NAME)";
				PROVISIONING_PROFILE = "";
				SWIFT_OBJC_BRIDGING_HEADER = "SwiftRandomData-Bridging-Header.h";
			};
			name = Release;
		};
		F957E91519C6FBAB00A4BA46 /* Debug */ = {
			isa = XCBuildConfiguration;
			buildSettings = {
				BUNDLE_LOADER = "$(TEST_HOST)";
				FRAMEWORK_SEARCH_PATHS = (
					"$(SDKROOT)/Developer/Library/Frameworks",
					"$(inherited)",
				);
				GCC_PREPROCESSOR_DEFINITIONS = (
					"DEBUG=1",
					"$(inherited)",
				);
				INFOPLIST_FILE = SwiftRandomDataTests/Info.plist;
				LD_RUNPATH_SEARCH_PATHS = "$(inherited) @executable_path/Frameworks @loader_path/Frameworks";
				PRODUCT_BUNDLE_IDENTIFIER = "com.me.Jun1ro1.$(PRODUCT_NAME:rfc1034identifier)";
				PRODUCT_NAME = "$(TARGET_NAME)";
				TEST_HOST = "$(BUILT_PRODUCTS_DIR)/SwiftRandomData.app/SwiftRandomData";
			};
			name = Debug;
		};
		F957E91619C6FBAB00A4BA46 /* Release */ = {
			isa = XCBuildConfiguration;
			buildSettings = {
				BUNDLE_LOADER = "$(TEST_HOST)";
				FRAMEWORK_SEARCH_PATHS = (
					"$(SDKROOT)/Developer/Library/Frameworks",
					"$(inherited)",
				);
				INFOPLIST_FILE = SwiftRandomDataTests/Info.plist;
				LD_RUNPATH_SEARCH_PATHS = "$(inherited) @executable_path/Frameworks @loader_path/Frameworks";
				PRODUCT_BUNDLE_IDENTIFIER = "com.me.Jun1ro1.$(PRODUCT_NAME:rfc1034identifier)";
				PRODUCT_NAME = "$(TARGET_NAME)";
				TEST_HOST = "$(BUILT_PRODUCTS_DIR)/SwiftRandomData.app/SwiftRandomData";
			};
			name = Release;
		};
/* End XCBuildConfiguration section */

/* Begin XCConfigurationList section */
		F957E8E819C6FBAB00A4BA46 /* Build configuration list for PBXProject "SwiftRandomData" */ = {
			isa = XCConfigurationList;
			buildConfigurations = (
				F957E90F19C6FBAB00A4BA46 /* Debug */,
				F957E91019C6FBAB00A4BA46 /* Release */,
			);
			defaultConfigurationIsVisible = 0;
			defaultConfigurationName = Release;
		};
		F957E91119C6FBAB00A4BA46 /* Build configuration list for PBXNativeTarget "SwiftRandomData" */ = {
			isa = XCConfigurationList;
			buildConfigurations = (
				F957E91219C6FBAB00A4BA46 /* Debug */,
				F957E91319C6FBAB00A4BA46 /* Release */,
			);
			defaultConfigurationIsVisible = 0;
			defaultConfigurationName = Release;
		};
		F957E91419C6FBAB00A4BA46 /* Build configuration list for PBXNativeTarget "SwiftRandomDataTests" */ = {
			isa = XCConfigurationList;
			buildConfigurations = (
				F957E91519C6FBAB00A4BA46 /* Debug */,
				F957E91619C6FBAB00A4BA46 /* Release */,
			);
			defaultConfigurationIsVisible = 0;
			defaultConfigurationName = Release;
		};
/* End XCConfigurationList section */

/* Begin XCVersionGroup section */
		F957E8F419C6FBAB00A4BA46 /* SwiftRandomData.xcdatamodeld */ = {
			isa = XCVersionGroup;
			children = (
				F95AA3871A41D03F00C08417 /* SwiftRandomData 6.xcdatamodel */,
				F9C45D0A1A34420400B62130 /* SwiftRandomData 5.xcdatamodel */,
				F9490E151A2B5834001C860C /* SwiftRandomData 4.xcdatamodel */,
				F9EF76BC1A18A94700912789 /* SwiftRandomData 2.xcdatamodel */,
				F99DD0B51A2367D30046B1C0 /* SwiftRandomData 3.xcdatamodel */,
				F957E8F519C6FBAB00A4BA46 /* SwiftRandomData.xcdatamodel */,
			);
			currentVersion = F95AA3871A41D03F00C08417 /* SwiftRandomData 6.xcdatamodel */;
			path = SwiftRandomData.xcdatamodeld;
			sourceTree = "<group>";
			versionGroupType = wrapper.xcdatamodel;
		};
/* End XCVersionGroup section */
	};
	rootObject = F957E8E519C6FBAB00A4BA46 /* Project object */;
}
